
Microsoft Visual Studio Solution File, Format Version 12.00
# Visual Studio Version 17
VisualStudioVersion = 17.11.35222.181
MinimumVisualStudioVersion = 10.0.40219.1
Project("{8BC9CEB8-8B4A-11D0-8D11-00A0C91BC942}") = "C++ProgrammingProject", "C++ProgrammingProject.vcxproj", "{DC5D56D1-BD66-4FCB-8D43-9C8EFA679261}"
EndProject
Global
	GlobalSection(SolutionConfigurationPlatforms) = preSolution
		Debug|x64 = Debug|x64
		Debug|x86 = Debug|x86
		Release|x64 = Release|x64
		Release|x86 = Release|x86
	EndGlobalSection
	GlobalSection(ProjectConfigurationPlatforms) = postSolution
		{DC5D56D1-BD66-4FCB-8D43-9C8EFA679261}.Debug|x64.ActiveCfg = Debug|x64
		{DC5D56D1-BD66-4FCB-8D43-9C8EFA679261}.Debug|x64.Build.0 = Debug|x64
		{DC5D56D1-BD66-4FCB-8D43-9C8EFA679261}.Debug|x86.ActiveCfg = Debug|Win32
		{DC5D56D1-BD66-4FCB-8D43-9C8EFA679261}.Debug|x86.Build.0 = Debug|Win32
		{DC5D56D1-BD66-4FCB-8D43-9C8EFA679261}.Release|x64.ActiveCfg = Release|x64
		{DC5D56D1-BD66-4FCB-8D43-9C8EFA679261}.Release|x64.Build.0 = Release|x64
		{DC5D56D1-BD66-4FCB-8D43-9C8EFA679261}.Release|x86.ActiveCfg = Release|Win32
		{DC5D56D1-BD66-4FCB-8D43-9C8EFA679261}.Release|x86.Build.0 = Release|Win32
	EndGlobalSection
	GlobalSection(SolutionProperties) = preSolution
		HideSolutionNode = FALSE
	EndGlobalSection
	GlobalSection(ExtensibilityGlobals) = postSolution
		SolutionGuid = {514CE768-E65E-40F5-B74F-3A16F053C530}
	EndGlobalSection
EndGlobal
